
Microsoft Visual Studio Solution File, Format Version 12.00
# Visual Studio Version 16
VisualStudioVersion = 16.0.33927.289
MinimumVisualStudioVersion = 10.0.40219.1
Project("{2150E333-8FDC-42A3-9474-1A3956D46DE8}") = "Task0", "Task0", "{ACE042F9-A373-4B26-A7F5-1D39F83C8F28}"
EndProject
Project("{FAE04EC0-301F-11D3-BF4B-00C04F79EFBC}") = "Tyuiu.YangolenkoDS.Sprint3.Task0.V16", "Tyuiu.YangolenkoDS.Sprint3.Task0.V16\Tyuiu.YangolenkoDS.Sprint3.Task0.V16.csproj", "{C2EFAFAA-ECA4-4C5C-867F-9827EA35F243}"
EndProject
Project("{FAE04EC0-301F-11D3-BF4B-00C04F79EFBC}") = "Tyuiu.YangolenkoDS.Sprint3.Task0.V16.Lib", "Tyuiu.YangolenkoDS.Sprint3.Task0.V16.Lib\Tyuiu.YangolenkoDS.Sprint3.Task0.V16.Lib.csproj", "{41FCA418-5FBE-4006-AEED-68B175C6AE86}"
EndProject
Project("{FAE04EC0-301F-11D3-BF4B-00C04F79EFBC}") = "Tyuiu.YangolenkoDS.Sprint3.Task0.V16.Test", "Tyuiu.YangolenkoDS.Sprint3.Task0.V16.Test\Tyuiu.YangolenkoDS.Sprint3.Task0.V16.Test.csproj", "{B848641D-9690-49FB-9A45-2B38F323A55F}"
EndProject
Project("{2150E333-8FDC-42A3-9474-1A3956D46DE8}") = "Task1", "Task1", "{A7D41C0E-D10C-4589-BDC5-805EED64BC6F}"
EndProject
Project("{FAE04EC0-301F-11D3-BF4B-00C04F79EFBC}") = "Tyuiu.YangolenkoDS.Sprint3.Task1.V6", "Tyuiu.YangolenkoDS.Sprint3.Task1.V6\Tyuiu.YangolenkoDS.Sprint3.Task1.V6.csproj", "{9F09D9A2-A33E-4A26-8438-9903182C2423}"
EndProject
Project("{FAE04EC0-301F-11D3-BF4B-00C04F79EFBC}") = "Tyuiu.YangolenkoDS.Sprint3.Task1.V6.Lib", "Tyuiu.YangolenkoDS.Sprint3.Task1.V6.Lib\Tyuiu.YangolenkoDS.Sprint3.Task1.V6.Lib.csproj", "{FBB56EDE-4258-4BD5-ADFB-690C4F94BFA3}"
EndProject
Project("{FAE04EC0-301F-11D3-BF4B-00C04F79EFBC}") = "Tyuiu.YangolenkoDS.Sprint3.Task1.V6.Test", "Tyuiu.YangolenkoDS.Sprint3.Task1.V6.Test\Tyuiu.YangolenkoDS.Sprint3.Task1.V6.Test.csproj", "{1D1D5A37-9808-42BD-AE61-4239BA609D31}"
EndProject
Project("{2150E333-8FDC-42A3-9474-1A3956D46DE8}") = "Task2", "Task2", "{47BB83BF-68FC-4BF8-B456-FACE4E0A4F62}"
EndProject
Project("{FAE04EC0-301F-11D3-BF4B-00C04F79EFBC}") = "Tyuiu.YangolenkoDS.Sprint3.Task2.V5", "Tyuiu.YangolenkoDS.Sprint3.Task2.V5\Tyuiu.YangolenkoDS.Sprint3.Task2.V5.csproj", "{31B4A358-6091-4420-82B3-1ECAF78B65CF}"
EndProject
Project("{FAE04EC0-301F-11D3-BF4B-00C04F79EFBC}") = "Tyuiu.YangolenkoDS.Sprint3.Task2.V5.Lib", "Tyuiu.YangolenkoDS.Sprint3.Task2.V5.Lib\Tyuiu.YangolenkoDS.Sprint3.Task2.V5.Lib.csproj", "{F8CF83AF-60A2-489C-8296-EE9CD379A6CB}"
EndProject
Project("{FAE04EC0-301F-11D3-BF4B-00C04F79EFBC}") = "Tyuiu.YangolenkoDS.Sprint3.Task2.V5.Test", "Tyuiu.YangolenkoDS.Sprint3.Task2.V5.Test\Tyuiu.YangolenkoDS.Sprint3.Task2.V5.Test.csproj", "{B9D9C1E4-4B2E-4805-9005-C5F0D4FBA2DD}"
EndProject
Project("{2150E333-8FDC-42A3-9474-1A3956D46DE8}") = "Task3", "Task3", "{D238BE70-32A5-48CB-A5E8-9ECF2593F5C2}"
EndProject
Project("{FAE04EC0-301F-11D3-BF4B-00C04F79EFBC}") = "Tyuiu.YangolenkoDS.Sprint3.Task3.V14", "Tyuiu.YangolenkoDS.Sprint3.Task3.V14\Tyuiu.YangolenkoDS.Sprint3.Task3.V14.csproj", "{DDC19EF3-4260-4E6F-9C70-8FE9EEDBBAB8}"
EndProject
Project("{FAE04EC0-301F-11D3-BF4B-00C04F79EFBC}") = "Tyuiu.YangolenkoDS.Sprint3.Task3.V14.Lib", "Tyuiu.YangolenkoDS.Sprint3.Task3.V14.Lib\Tyuiu.YangolenkoDS.Sprint3.Task3.V14.Lib.csproj", "{08C25A3F-C34D-4D64-A04B-F09025A82213}"
EndProject
Project("{FAE04EC0-301F-11D3-BF4B-00C04F79EFBC}") = "Tyuiu.YangolenkoDS.Sprint3.Task3.V14.Test", "Tyuiu.YangolenkoDS.Sprint3.Task3.V14.Test\Tyuiu.YangolenkoDS.Sprint3.Task3.V14.Test.csproj", "{885D941E-6748-4659-95E7-B83F8E687A58}"
EndProject
Project("{2150E333-8FDC-42A3-9474-1A3956D46DE8}") = "Task4", "Task4", "{415AB413-509E-406E-8D4A-27E4CC911008}"
EndProject
Project("{FAE04EC0-301F-11D3-BF4B-00C04F79EFBC}") = "Tyuiu.YangolenkoDS.Sprint3.Task4.V17", "Tyuiu.YangolenkoDS.Sprint3.Task4.V17\Tyuiu.YangolenkoDS.Sprint3.Task4.V17.csproj", "{970B4434-C8D7-4279-A49F-19B4A3EACBF2}"
EndProject
Project("{FAE04EC0-301F-11D3-BF4B-00C04F79EFBC}") = "Tyuiu.YangolenkoDS.Sprint3.Task4.V17.Lib", "Tyuiu.YangolenkoDS.Sprint3.Task4.V17.Lib\Tyuiu.YangolenkoDS.Sprint3.Task4.V17.Lib.csproj", "{949216A9-8D2F-4CC5-A0E0-632078588A66}"
EndProject
Project("{FAE04EC0-301F-11D3-BF4B-00C04F79EFBC}") = "Tyuiu.YangolenkoDS.Sprint3.Task4.V17.Test", "Tyuiu.YangolenkoDS.Sprint3.Task4.V17.Test\Tyuiu.YangolenkoDS.Sprint3.Task4.V17.Test.csproj", "{415461D4-FCBE-467F-BF60-78D0501EDB60}"
EndProject
Global
	GlobalSection(SolutionConfigurationPlatforms) = preSolution
		Debug|Any CPU = Debug|Any CPU
		Release|Any CPU = Release|Any CPU
	EndGlobalSection
	GlobalSection(ProjectConfigurationPlatforms) = postSolution
		{C2EFAFAA-ECA4-4C5C-867F-9827EA35F243}.Debug|Any CPU.ActiveCfg = Debug|Any CPU
		{C2EFAFAA-ECA4-4C5C-867F-9827EA35F243}.Debug|Any CPU.Build.0 = Debug|Any CPU
		{C2EFAFAA-ECA4-4C5C-867F-9827EA35F243}.Release|Any CPU.ActiveCfg = Release|Any CPU
		{C2EFAFAA-ECA4-4C5C-867F-9827EA35F243}.Release|Any CPU.Build.0 = Release|Any CPU
		{41FCA418-5FBE-4006-AEED-68B175C6AE86}.Debug|Any CPU.ActiveCfg = Debug|Any CPU
		{41FCA418-5FBE-4006-AEED-68B175C6AE86}.Debug|Any CPU.Build.0 = Debug|Any CPU
		{41FCA418-5FBE-4006-AEED-68B175C6AE86}.Release|Any CPU.ActiveCfg = Release|Any CPU
		{41FCA418-5FBE-4006-AEED-68B175C6AE86}.Release|Any CPU.Build.0 = Release|Any CPU
		{B848641D-9690-49FB-9A45-2B38F323A55F}.Debug|Any CPU.ActiveCfg = Debug|Any CPU
		{B848641D-9690-49FB-9A45-2B38F323A55F}.Debug|Any CPU.Build.0 = Debug|Any CPU
		{B848641D-9690-49FB-9A45-2B38F323A55F}.Release|Any CPU.ActiveCfg = Release|Any CPU
		{B848641D-9690-49FB-9A45-2B38F323A55F}.Release|Any CPU.Build.0 = Release|Any CPU
		{9F09D9A2-A33E-4A26-8438-9903182C2423}.Debug|Any CPU.ActiveCfg = Debug|Any CPU
		{9F09D9A2-A33E-4A26-8438-9903182C2423}.Debug|Any CPU.Build.0 = Debug|Any CPU
		{9F09D9A2-A33E-4A26-8438-9903182C2423}.Release|Any CPU.ActiveCfg = Release|Any CPU
		{9F09D9A2-A33E-4A26-8438-9903182C2423}.Release|Any CPU.Build.0 = Release|Any CPU
		{FBB56EDE-4258-4BD5-ADFB-690C4F94BFA3}.Debug|Any CPU.ActiveCfg = Debug|Any CPU
		{FBB56EDE-4258-4BD5-ADFB-690C4F94BFA3}.Debug|Any CPU.Build.0 = Debug|Any CPU
		{FBB56EDE-4258-4BD5-ADFB-690C4F94BFA3}.Release|Any CPU.ActiveCfg = Release|Any CPU
		{FBB56EDE-4258-4BD5-ADFB-690C4F94BFA3}.Release|Any CPU.Build.0 = Release|Any CPU
		{1D1D5A37-9808-42BD-AE61-4239BA609D31}.Debug|Any CPU.ActiveCfg = Debug|Any CPU
		{1D1D5A37-9808-42BD-AE61-4239BA609D31}.Debug|Any CPU.Build.0 = Debug|Any CPU
		{1D1D5A37-9808-42BD-AE61-4239BA609D31}.Release|Any CPU.ActiveCfg = Release|Any CPU
		{1D1D5A37-9808-42BD-AE61-4239BA609D31}.Release|Any CPU.Build.0 = Release|Any CPU
		{31B4A358-6091-4420-82B3-1ECAF78B65CF}.Debug|Any CPU.ActiveCfg = Debug|Any CPU
		{31B4A358-6091-4420-82B3-1ECAF78B65CF}.Debug|Any CPU.Build.0 = Debug|Any CPU
		{31B4A358-6091-4420-82B3-1ECAF78B65CF}.Release|Any CPU.ActiveCfg = Release|Any CPU
		{31B4A358-6091-4420-82B3-1ECAF78B65CF}.Release|Any CPU.Build.0 = Release|Any CPU
		{F8CF83AF-60A2-489C-8296-EE9CD379A6CB}.Debug|Any CPU.ActiveCfg = Debug|Any CPU
		{F8CF83AF-60A2-489C-8296-EE9CD379A6CB}.Debug|Any CPU.Build.0 = Debug|Any CPU
		{F8CF83AF-60A2-489C-8296-EE9CD379A6CB}.Release|Any CPU.ActiveCfg = Release|Any CPU
		{F8CF83AF-60A2-489C-8296-EE9CD379A6CB}.Release|Any CPU.Build.0 = Release|Any CPU
		{B9D9C1E4-4B2E-4805-9005-C5F0D4FBA2DD}.Debug|Any CPU.ActiveCfg = Debug|Any CPU
		{B9D9C1E4-4B2E-4805-9005-C5F0D4FBA2DD}.Debug|Any CPU.Build.0 = Debug|Any CPU
		{B9D9C1E4-4B2E-4805-9005-C5F0D4FBA2DD}.Release|Any CPU.ActiveCfg = Release|Any CPU
		{B9D9C1E4-4B2E-4805-9005-C5F0D4FBA2DD}.Release|Any CPU.Build.0 = Release|Any CPU
		{DDC19EF3-4260-4E6F-9C70-8FE9EEDBBAB8}.Debug|Any CPU.ActiveCfg = Debug|Any CPU
		{DDC19EF3-4260-4E6F-9C70-8FE9EEDBBAB8}.Debug|Any CPU.Build.0 = Debug|Any CPU
		{DDC19EF3-4260-4E6F-9C70-8FE9EEDBBAB8}.Release|Any CPU.ActiveCfg = Release|Any CPU
		{DDC19EF3-4260-4E6F-9C70-8FE9EEDBBAB8}.Release|Any CPU.Build.0 = Release|Any CPU
		{08C25A3F-C34D-4D64-A04B-F09025A82213}.Debug|Any CPU.ActiveCfg = Debug|Any CPU
		{08C25A3F-C34D-4D64-A04B-F09025A82213}.Debug|Any CPU.Build.0 = Debug|Any CPU
		{08C25A3F-C34D-4D64-A04B-F09025A82213}.Release|Any CPU.ActiveCfg = Release|Any CPU
		{08C25A3F-C34D-4D64-A04B-F09025A82213}.Release|Any CPU.Build.0 = Release|Any CPU
		{885D941E-6748-4659-95E7-B83F8E687A58}.Debug|Any CPU.ActiveCfg = Debug|Any CPU
		{885D941E-6748-4659-95E7-B83F8E687A58}.Debug|Any CPU.Build.0 = Debug|Any CPU
		{885D941E-6748-4659-95E7-B83F8E687A58}.Release|Any CPU.ActiveCfg = Release|Any CPU
		{885D941E-6748-4659-95E7-B83F8E687A58}.Release|Any CPU.Build.0 = Release|Any CPU
		{970B4434-C8D7-4279-A49F-19B4A3EACBF2}.Debug|Any CPU.ActiveCfg = Debug|Any CPU
		{970B4434-C8D7-4279-A49F-19B4A3EACBF2}.Debug|Any CPU.Build.0 = Debug|Any CPU
		{970B4434-C8D7-4279-A49F-19B4A3EACBF2}.Release|Any CPU.ActiveCfg = Release|Any CPU
		{970B4434-C8D7-4279-A49F-19B4A3EACBF2}.Release|Any CPU.Build.0 = Release|Any CPU
		{949216A9-8D2F-4CC5-A0E0-632078588A66}.Debug|Any CPU.ActiveCfg = Debug|Any CPU
		{949216A9-8D2F-4CC5-A0E0-632078588A66}.Debug|Any CPU.Build.0 = Debug|Any CPU
		{949216A9-8D2F-4CC5-A0E0-632078588A66}.Release|Any CPU.ActiveCfg = Release|Any CPU
		{949216A9-8D2F-4CC5-A0E0-632078588A66}.Release|Any CPU.Build.0 = Release|Any CPU
		{415461D4-FCBE-467F-BF60-78D0501EDB60}.Debug|Any CPU.ActiveCfg = Debug|Any CPU
		{415461D4-FCBE-467F-BF60-78D0501EDB60}.Debug|Any CPU.Build.0 = Debug|Any CPU
		{415461D4-FCBE-467F-BF60-78D0501EDB60}.Release|Any CPU.ActiveCfg = Release|Any CPU
		{415461D4-FCBE-467F-BF60-78D0501EDB60}.Release|Any CPU.Build.0 = Release|Any CPU
	EndGlobalSection
	GlobalSection(SolutionProperties) = preSolution
		HideSolutionNode = FALSE
	EndGlobalSection
	GlobalSection(NestedProjects) = preSolution
		{C2EFAFAA-ECA4-4C5C-867F-9827EA35F243} = {ACE042F9-A373-4B26-A7F5-1D39F83C8F28}
		{41FCA418-5FBE-4006-AEED-68B175C6AE86} = {ACE042F9-A373-4B26-A7F5-1D39F83C8F28}
		{B848641D-9690-49FB-9A45-2B38F323A55F} = {ACE042F9-A373-4B26-A7F5-1D39F83C8F28}
		{9F09D9A2-A33E-4A26-8438-9903182C2423} = {A7D41C0E-D10C-4589-BDC5-805EED64BC6F}
		{FBB56EDE-4258-4BD5-ADFB-690C4F94BFA3} = {A7D41C0E-D10C-4589-BDC5-805EED64BC6F}
		{1D1D5A37-9808-42BD-AE61-4239BA609D31} = {A7D41C0E-D10C-4589-BDC5-805EED64BC6F}
		{31B4A358-6091-4420-82B3-1ECAF78B65CF} = {47BB83BF-68FC-4BF8-B456-FACE4E0A4F62}
		{F8CF83AF-60A2-489C-8296-EE9CD379A6CB} = {47BB83BF-68FC-4BF8-B456-FACE4E0A4F62}
		{B9D9C1E4-4B2E-4805-9005-C5F0D4FBA2DD} = {47BB83BF-68FC-4BF8-B456-FACE4E0A4F62}
		{DDC19EF3-4260-4E6F-9C70-8FE9EEDBBAB8} = {D238BE70-32A5-48CB-A5E8-9ECF2593F5C2}
		{08C25A3F-C34D-4D64-A04B-F09025A82213} = {D238BE70-32A5-48CB-A5E8-9ECF2593F5C2}
		{885D941E-6748-4659-95E7-B83F8E687A58} = {D238BE70-32A5-48CB-A5E8-9ECF2593F5C2}
		{970B4434-C8D7-4279-A49F-19B4A3EACBF2} = {415AB413-509E-406E-8D4A-27E4CC911008}
		{949216A9-8D2F-4CC5-A0E0-632078588A66} = {415AB413-509E-406E-8D4A-27E4CC911008}
		{415461D4-FCBE-467F-BF60-78D0501EDB60} = {415AB413-509E-406E-8D4A-27E4CC911008}
	EndGlobalSection
	GlobalSection(ExtensibilityGlobals) = postSolution
		SolutionGuid = {EE8C43B9-1A59-4937-8287-6825A5AFB900}
	EndGlobalSection
EndGlobal
